
Microsoft Visual Studio Solution File, Format Version 12.00
# Visual Studio 14
VisualStudioVersion = 14.0.25420.1
MinimumVisualStudioVersion = 10.0.40219.1
Project("{FAE04EC0-301F-11D3-BF4B-00C04F79EFBC}") = "ProBattle", "ProBattle\ProBattle.csproj", "{4953F75D-B358-47EC-952B-84487FA6075D}"
EndProject
Project("{FAE04EC0-301F-11D3-BF4B-00C04F79EFBC}") = "BusinessLayer", "BusinessLayer\BusinessLayer.csproj", "{CEC98954-97E2-4F6A-853C-C5FD99AFE073}"
EndProject
Global
	GlobalSection(SolutionConfigurationPlatforms) = preSolution
		Debug|Any CPU = Debug|Any CPU
		Release|Any CPU = Release|Any CPU
	EndGlobalSection
	GlobalSection(ProjectConfigurationPlatforms) = postSolution
		{4953F75D-B358-47EC-952B-84487FA6075D}.Debug|Any CPU.ActiveCfg = Debug|Any CPU
		{4953F75D-B358-47EC-952B-84487FA6075D}.Debug|Any CPU.Build.0 = Debug|Any CPU
		{4953F75D-B358-47EC-952B-84487FA6075D}.Release|Any CPU.ActiveCfg = Release|Any CPU
		{4953F75D-B358-47EC-952B-84487FA6075D}.Release|Any CPU.Build.0 = Release|Any CPU
		{CEC98954-97E2-4F6A-853C-C5FD99AFE073}.Debug|Any CPU.ActiveCfg = Debug|Any CPU
		{CEC98954-97E2-4F6A-853C-C5FD99AFE073}.Debug|Any CPU.Build.0 = Debug|Any CPU
		{CEC98954-97E2-4F6A-853C-C5FD99AFE073}.Release|Any CPU.ActiveCfg = Release|Any CPU
		{CEC98954-97E2-4F6A-853C-C5FD99AFE073}.Release|Any CPU.Build.0 = Release|Any CPU
	EndGlobalSection
	GlobalSection(SolutionProperties) = preSolution
		HideSolutionNode = FALSE
	EndGlobalSection
EndGlobal
